
Microsoft Visual Studio Solution File, Format Version 12.00
# Visual Studio Version 16
VisualStudioVersion = 16.0.30413.136
MinimumVisualStudioVersion = 10.0.40219.1
Project("{FAE04EC0-301F-11D3-BF4B-00C04F79EFBC}") = "SuperStudentDiscountApi", "SuperStudentDiscountApi.csproj", "{968CE4CC-EF06-407F-BBE5-7B67EF977C33}"
EndProject
Global
	GlobalSection(SolutionConfigurationPlatforms) = preSolution
		Debug|Any CPU = Debug|Any CPU
		Release|Any CPU = Release|Any CPU
	EndGlobalSection
	GlobalSection(ProjectConfigurationPlatforms) = postSolution
		{968CE4CC-EF06-407F-BBE5-7B67EF977C33}.Debug|Any CPU.ActiveCfg = Debug|Any CPU
		{968CE4CC-EF06-407F-BBE5-7B67EF977C33}.Debug|Any CPU.Build.0 = Debug|Any CPU
		{968CE4CC-EF06-407F-BBE5-7B67EF977C33}.Release|Any CPU.ActiveCfg = Release|Any CPU
		{968CE4CC-EF06-407F-BBE5-7B67EF977C33}.Release|Any CPU.Build.0 = Release|Any CPU
	EndGlobalSection
	GlobalSection(SolutionProperties) = preSolution
		HideSolutionNode = FALSE
	EndGlobalSection
	GlobalSection(ExtensibilityGlobals) = postSolution
		SolutionGuid = {1C52A544-2581-4846-B5B8-A2878CC01DFD}
	EndGlobalSection
EndGlobal
